PODS:
  - Alamofire (4.5.0)
  - UXMPDFKit (0.7.2)

DEPENDENCIES:
  - Alamofire (~> 4.4)
  - UXMPDFKit

SPEC CHECKSUMS:
  Alamofire: f28cdffd29de33a7bfa022cbd63ae95a27fae140
  UXMPDFKit: 3cd146f9129a1a33160b1c0f33dd70ecafe60ccf

PODFILE CHECKSUM: ba9d1eb93d730eabdb977f8e8f9f356a998069f3

COCOAPODS: 1.3.1
